{
  "version": 4,
  "terraform_version": "0.14.9",
  "serial": 3,
  "lineage": "ff3124f9-cea1-0b32-22f2-052efc60260c",
  "outputs": {},
  "resources": [
    {
      "mode": "managed",
      "type": "heroku_addon",
      "name": "database",
      "provider": "provider[\"registry.terraform.io/heroku/heroku\"]",
      "instances": [
        {
          "schema_version": 2,
          "attributes": {
            "app": "deploying-fullstack-codecademy",
            "config": null,
            "config_vars": [
              "DATABASE_URL"
            ],
            "id": "0b26c1a6-ecf9-4624-92aa-e810c91108e5",
            "name": "postgresql-perpendicular-46171",
            "plan": "heroku-postgresql:hobby-dev",
            "provider_id": "22861402"
          },
          "sensitive_attributes": [],
          "private": "eyJzY2hlbWFfdmVyc2lvbiI6IjIifQ==",
          "dependencies": [
            "heroku_app.default"
          ]
        }
      ]
    },
    {
      "mode": "managed",
      "type": "heroku_app",
      "name": "default",
      "provider": "provider[\"registry.terraform.io/heroku/heroku\"]",
      "instances": [
        {
          "schema_version": 0,
          "attributes": {
            "acm": false,
            "all_config_vars": {},
            "buildpacks": [],
            "config_vars": {},
            "git_url": "https://git.heroku.com/deploying-fullstack-codecademy.git",
            "heroku_hostname": "deploying-fullstack-codecademy.herokuapp.com",
            "id": "deploying-fullstack-codecademy",
            "internal_routing": false,
            "name": "deploying-fullstack-codecademy",
            "organization": [],
            "region": "us",
            "sensitive_config_vars": {},
            "space": null,
            "stack": "container",
            "uuid": "60f7e84f-15d7-421a-8618-363e70954821",
            "web_url": "https://deploying-fullstack-codecademy.herokuapp.com/"
          },
          "sensitive_attributes": [],
          "private": "bnVsbA=="
        }
      ]
    },
    {
      "mode": "managed",
      "type": "heroku_build",
      "name": "default",
      "provider": "provider[\"registry.terraform.io/heroku/heroku\"]",
      "instances": []
    },
    {
      "mode": "managed",
      "type": "heroku_formation",
      "name": "default",
      "provider": "provider[\"registry.terraform.io/heroku/heroku\"]",
      "instances": []
    }
  ]
}
